
Microsoft Visual Studio Solution File, Format Version 12.00
# Visual Studio Version 16
VisualStudioVersion = 16.0.30204.135
MinimumVisualStudioVersion = 10.0.40219.1
Project("{FAE04EC0-301F-11D3-BF4B-00C04F79EFBC}") = "TNV.LogWatcher.Manager", "TNV.LogWatcher.Manager\TNV.LogWatcher.Manager.csproj", "{357386ED-8662-4ACB-81EC-8C4066C3D9A1}"
EndProject
Project("{FAE04EC0-301F-11D3-BF4B-00C04F79EFBC}") = "TNV.LogWatcher.Agent", "TNV.LogWatcher.Agent\TNV.LogWatcher.Agent.csproj", "{523541D8-9209-4543-BA6E-8B1C743707EB}"
EndProject
Project("{FAE04EC0-301F-11D3-BF4B-00C04F79EFBC}") = "TNV.LogWatcher.DataTransfer", "TNV.LogWatcher.DataTransfer\TNV.LogWatcher.DataTransfer.csproj", "{5698B492-33B9-4709-BA7F-ECAF696CDE29}"
EndProject
Project("{FAE04EC0-301F-11D3-BF4B-00C04F79EFBC}") = "WcfServer", "WcfServer\WcfServer.csproj", "{37070268-31C1-4912-B638-E9347F945977}"
EndProject
Project("{FAE04EC0-301F-11D3-BF4B-00C04F79EFBC}") = "WcfClient", "WcfClient\WcfClient.csproj", "{0048A392-7AC6-4451-939C-E2A58CCA5441}"
EndProject
Global
	GlobalSection(SolutionConfigurationPlatforms) = preSolution
		Debug|Any CPU = Debug|Any CPU
		Release|Any CPU = Release|Any CPU
	EndGlobalSection
	GlobalSection(ProjectConfigurationPlatforms) = postSolution
		{357386ED-8662-4ACB-81EC-8C4066C3D9A1}.Debug|Any CPU.ActiveCfg = Debug|Any CPU
		{357386ED-8662-4ACB-81EC-8C4066C3D9A1}.Debug|Any CPU.Build.0 = Debug|Any CPU
		{357386ED-8662-4ACB-81EC-8C4066C3D9A1}.Release|Any CPU.ActiveCfg = Release|Any CPU
		{357386ED-8662-4ACB-81EC-8C4066C3D9A1}.Release|Any CPU.Build.0 = Release|Any CPU
		{523541D8-9209-4543-BA6E-8B1C743707EB}.Debug|Any CPU.ActiveCfg = Debug|Any CPU
		{523541D8-9209-4543-BA6E-8B1C743707EB}.Debug|Any CPU.Build.0 = Debug|Any CPU
		{523541D8-9209-4543-BA6E-8B1C743707EB}.Release|Any CPU.ActiveCfg = Release|Any CPU
		{523541D8-9209-4543-BA6E-8B1C743707EB}.Release|Any CPU.Build.0 = Release|Any CPU
		{5698B492-33B9-4709-BA7F-ECAF696CDE29}.Debug|Any CPU.ActiveCfg = Debug|Any CPU
		{5698B492-33B9-4709-BA7F-ECAF696CDE29}.Debug|Any CPU.Build.0 = Debug|Any CPU
		{5698B492-33B9-4709-BA7F-ECAF696CDE29}.Release|Any CPU.ActiveCfg = Release|Any CPU
		{5698B492-33B9-4709-BA7F-ECAF696CDE29}.Release|Any CPU.Build.0 = Release|Any CPU
		{37070268-31C1-4912-B638-E9347F945977}.Debug|Any CPU.ActiveCfg = Debug|Any CPU
		{37070268-31C1-4912-B638-E9347F945977}.Debug|Any CPU.Build.0 = Debug|Any CPU
		{37070268-31C1-4912-B638-E9347F945977}.Release|Any CPU.ActiveCfg = Release|Any CPU
		{37070268-31C1-4912-B638-E9347F945977}.Release|Any CPU.Build.0 = Release|Any CPU
		{0048A392-7AC6-4451-939C-E2A58CCA5441}.Debug|Any CPU.ActiveCfg = Debug|Any CPU
		{0048A392-7AC6-4451-939C-E2A58CCA5441}.Debug|Any CPU.Build.0 = Debug|Any CPU
		{0048A392-7AC6-4451-939C-E2A58CCA5441}.Release|Any CPU.ActiveCfg = Release|Any CPU
		{0048A392-7AC6-4451-939C-E2A58CCA5441}.Release|Any CPU.Build.0 = Release|Any CPU
	EndGlobalSection
	GlobalSection(SolutionProperties) = preSolution
		HideSolutionNode = FALSE
	EndGlobalSection
	GlobalSection(ExtensibilityGlobals) = postSolution
		SolutionGuid = {39D0770D-BFFD-4885-858C-D7C8C44B754A}
	EndGlobalSection
EndGlobal
